
Microsoft Visual Studio Solution File, Format Version 12.00
# Visual Studio Version 16
VisualStudioVersion = 16.0.30709.132
MinimumVisualStudioVersion = 10.0.40219.1
Project("{FAE04EC0-301F-11D3-BF4B-00C04F79EFBC}") = "OSKI.solutions.MediaRemove", "OSKI.solutions.MediaRemove\OSKI.solutions.MediaRemove.csproj", "{397DE270-2E4E-456F-96BB-6BF49BD0633F}"
EndProject
Global
	GlobalSection(SolutionConfigurationPlatforms) = preSolution
		Debug|Any CPU = Debug|Any CPU
		Release|Any CPU = Release|Any CPU
	EndGlobalSection
	GlobalSection(ProjectConfigurationPlatforms) = postSolution
		{397DE270-2E4E-456F-96BB-6BF49BD0633F}.Debug|Any CPU.ActiveCfg = Debug|Any CPU
		{397DE270-2E4E-456F-96BB-6BF49BD0633F}.Debug|Any CPU.Build.0 = Debug|Any CPU
		{397DE270-2E4E-456F-96BB-6BF49BD0633F}.Release|Any CPU.ActiveCfg = Release|Any CPU
		{397DE270-2E4E-456F-96BB-6BF49BD0633F}.Release|Any CPU.Build.0 = Release|Any CPU
	EndGlobalSection
	GlobalSection(SolutionProperties) = preSolution
		HideSolutionNode = FALSE
	EndGlobalSection
	GlobalSection(ExtensibilityGlobals) = postSolution
		SolutionGuid = {3AF2557B-D04B-4E7A-88DD-85ACE289D583}
	EndGlobalSection
EndGlobal
